
Microsoft Visual Studio Solution File, Format Version 12.00
# Visual Studio Version 16
VisualStudioVersion = 16.0.30011.22
MinimumVisualStudioVersion = 10.0.40219.1
Project("{FAE04EC0-301F-11D3-BF4B-00C04F79EFBC}") = "P01.Dating App", "P01.Dating App\P01.Dating App.csproj", "{63EA04CB-DF79-4EED-9D35-EF0087E71C5D}"
EndProject
Project("{FAE04EC0-301F-11D3-BF4B-00C04F79EFBC}") = "P02.BookWorm", "P02.BookWorm\P02.BookWorm.csproj", "{B1E2AEFC-55BD-483A-A702-585A537B8BAE}"
EndProject
Project("{FAE04EC0-301F-11D3-BF4B-00C04F79EFBC}") = "P03.Rabbits", "P03.Rabbits\P03.Rabbits.csproj", "{2F39A68A-D630-4C97-A8D8-32E3649683C7}"
EndProject
Global
	GlobalSection(SolutionConfigurationPlatforms) = preSolution
		Debug|Any CPU = Debug|Any CPU
		Release|Any CPU = Release|Any CPU
	EndGlobalSection
	GlobalSection(ProjectConfigurationPlatforms) = postSolution
		{63EA04CB-DF79-4EED-9D35-EF0087E71C5D}.Debug|Any CPU.ActiveCfg = Debug|Any CPU
		{63EA04CB-DF79-4EED-9D35-EF0087E71C5D}.Debug|Any CPU.Build.0 = Debug|Any CPU
		{63EA04CB-DF79-4EED-9D35-EF0087E71C5D}.Release|Any CPU.ActiveCfg = Release|Any CPU
		{63EA04CB-DF79-4EED-9D35-EF0087E71C5D}.Release|Any CPU.Build.0 = Release|Any CPU
		{B1E2AEFC-55BD-483A-A702-585A537B8BAE}.Debug|Any CPU.ActiveCfg = Debug|Any CPU
		{B1E2AEFC-55BD-483A-A702-585A537B8BAE}.Debug|Any CPU.Build.0 = Debug|Any CPU
		{B1E2AEFC-55BD-483A-A702-585A537B8BAE}.Release|Any CPU.ActiveCfg = Release|Any CPU
		{B1E2AEFC-55BD-483A-A702-585A537B8BAE}.Release|Any CPU.Build.0 = Release|Any CPU
		{2F39A68A-D630-4C97-A8D8-32E3649683C7}.Debug|Any CPU.ActiveCfg = Debug|Any CPU
		{2F39A68A-D630-4C97-A8D8-32E3649683C7}.Debug|Any CPU.Build.0 = Debug|Any CPU
		{2F39A68A-D630-4C97-A8D8-32E3649683C7}.Release|Any CPU.ActiveCfg = Release|Any CPU
		{2F39A68A-D630-4C97-A8D8-32E3649683C7}.Release|Any CPU.Build.0 = Release|Any CPU
	EndGlobalSection
	GlobalSection(SolutionProperties) = preSolution
		HideSolutionNode = FALSE
	EndGlobalSection
	GlobalSection(ExtensibilityGlobals) = postSolution
		SolutionGuid = {1E67AA67-5678-44F5-ABAE-9F04C3D5F44E}
	EndGlobalSection
EndGlobal
